<?xml version="1.0" encoding="utf-8"?>
<Project ToolsVersion="4.0" xmlns="http://schemas.microsoft.com/developer/msbuild/2003">
  <ItemGroup>
    <ClCompile Include="..\shared\defrag.c">
      <Filter>Source Files\Shared</Filter>
    </ClCompile>
    <ClCompile Include="..\shared\getsector.c">
      <Filter>Source Files\Shared</Filter>
    </ClCompile>
    <ClCompile Include="..\shared\mbr.c">
      <Filter>Source Files\Shared</Filter>
    </ClCompile>
    <ClCompile Include="..\shared\optimizeboot.c">
      <Filter>Source Files\Shared</Filter>
    </ClCompile>
    <ClCompile Include="main.c">
      <Filter>Source Files</Filter>
    </ClCompile>
    <ClCompile Include="engine.c">
      <Filter>Source Files</Filter>
    </ClCompile>
    <ClCompile Include="..\shared\optimizedisk.c">
      <Filter>Source Files\Shared</Filter>
    </ClCompile>
    <ClCompile Include="..\shared\mbrop.c">
      <Filter>Source Files\Shared</Filter>
    </ClCompile>
    <ClCompile Include="..\shared\help.c">
      <Filter>Source Files\Shared</Filter>
    </ClCompile>
    <ClCompile Include="..\shared\optimizereg.c">
      <Filter>Source Files\Shared</Filter>
    </ClCompile>
  </ItemGroup>
  <ItemGroup>
    <ClInclude Include="..\shared\defrag.h">
      <Filter>Header Files</Filter>
    </ClInclude>
    <ClInclude Include="engine.h">
      <Filter>Header Files</Filter>
    </ClInclude>
    <ClInclude Include="..\shared\getsector.h">
      <Filter>Header Files</Filter>
    </ClInclude>
    <ClInclude Include="..\shared\mbr.h">
      <Filter>Header Files</Filter>
    </ClInclude>
    <ClInclude Include="..\shared\optimizeboot.h">
      <Filter>Header Files</Filter>
    </ClInclude>
    <ClInclude Include="..\shared\optimizedisk.h">
      <Filter>Header Files</Filter>
    </ClInclude>
    <ClInclude Include="..\shared\mbrop.h">
      <Filter>Header Files</Filter>
    </ClInclude>
    <ClInclude Include="..\shared\help.h">
      <Filter>Header Files</Filter>
    </ClInclude>
    <ClInclude Include="..\shared\optimizereg.h">
      <Filter>Header Files</Filter>
    </ClInclude>
  </ItemGroup>
  <ItemGroup>
    <Filter Include="Source Files">
      <UniqueIdentifier>{f6dec2fe-4df5-443a-b84c-2806409227f3}</UniqueIdentifier>
    </Filter>
    <Filter Include="Header Files">
      <UniqueIdentifier>{2177c191-6531-4dc8-85db-26a052239b80}</UniqueIdentifier>
    </Filter>
    <Filter Include="Source Files\Shared">
      <UniqueIdentifier>{2c0409d2-f035-42eb-aed7-3b63d522dea5}</UniqueIdentifier>
    </Filter>
    <Filter Include="Resource Files">
      <UniqueIdentifier>{2e2ae814-acb9-4840-90f2-34e3393de04b}</UniqueIdentifier>
    </Filter>
  </ItemGroup>
  <ItemGroup>
    <ResourceCompile Include="optimizerd.rc">
      <Filter>Resource Files</Filter>
    </ResourceCompile>
  </ItemGroup>
</Project>