<?xml version="1.0" encoding="utf-8"?>
<Project ToolsVersion="4.0" xmlns="http://schemas.microsoft.com/developer/msbuild/2003">
  <ItemGroup>
    <ClCompile Include="..\shared\defrag.c">
      <Filter>Source Files\Shared</Filter>
    </ClCompile>
    <ClCompile Include="..\shared\getsector.c">
      <Filter>Source Files\Shared</Filter>
    </ClCompile>
    <ClCompile Include="..\shared\mbr.c">
      <Filter>Source Files\Shared</Filter>
    </ClCompile>
    <ClCompile Include="..\shared\optimizeboot.c">
      <Filter>Source Files\Shared</Filter>
    </ClCompile>
    <ClCompile Include="optimizer.cpp">
      <Filter>Source Files</Filter>
    </ClCompile>
    <ClCompile Include="optimizerDlg.cpp">
      <Filter>Source Files</Filter>
    </ClCompile>
    <ClCompile Include="stdafx.cpp">
      <Filter>Source Files</Filter>
    </ClCompile>
    <ClCompile Include="..\shared\writembr.c">
      <Filter>Source Files\Shared</Filter>
    </ClCompile>
    <ClCompile Include="engine.cpp">
      <Filter>Source Files</Filter>
    </ClCompile>
  </ItemGroup>
  <ItemGroup>
    <ClInclude Include="..\shared\defrag.h">
      <Filter>Header Files</Filter>
    </ClInclude>
    <ClInclude Include="engine.h">
      <Filter>Header Files</Filter>
    </ClInclude>
    <ClInclude Include="..\shared\getsector.h">
      <Filter>Header Files</Filter>
    </ClInclude>
    <ClInclude Include="..\shared\mbr.h">
      <Filter>Header Files</Filter>
    </ClInclude>
    <ClInclude Include="..\shared\optimizeboot.h">
      <Filter>Header Files</Filter>
    </ClInclude>
    <ClInclude Include="optimizer.h">
      <Filter>Header Files</Filter>
    </ClInclude>
    <ClInclude Include="optimizerDlg.h">
      <Filter>Header Files</Filter>
    </ClInclude>
    <ClInclude Include="Resource.h">
      <Filter>Header Files</Filter>
    </ClInclude>
    <ClInclude Include="stdafx.h">
      <Filter>Header Files</Filter>
    </ClInclude>
    <ClInclude Include="targetver.h">
      <Filter>Header Files</Filter>
    </ClInclude>
    <ClInclude Include="..\shared\writembr.h">
      <Filter>Header Files</Filter>
    </ClInclude>
  </ItemGroup>
  <ItemGroup>
    <None Include="res\optimizer.ico">
      <Filter>Resource Files</Filter>
    </None>
    <None Include="res\optimizer.rc2">
      <Filter>Resource Files</Filter>
    </None>
  </ItemGroup>
  <ItemGroup>
    <Filter Include="Source Files">
      <UniqueIdentifier>{1b6f3a33-ff1e-4c17-807d-f047762bae0f}</UniqueIdentifier>
    </Filter>
    <Filter Include="Source Files\Shared">
      <UniqueIdentifier>{15c28273-d5ed-43e3-91e2-367efbfa3fa6}</UniqueIdentifier>
    </Filter>
    <Filter Include="Header Files">
      <UniqueIdentifier>{d4b1f775-569d-4e27-8c04-36fc6de07b25}</UniqueIdentifier>
    </Filter>
    <Filter Include="Resource Files">
      <UniqueIdentifier>{16a3833d-7058-40b7-87aa-2c5f0508997a}</UniqueIdentifier>
    </Filter>
  </ItemGroup>
  <ItemGroup>
    <ResourceCompile Include="optimizer.rc">
      <Filter>Resource Files</Filter>
    </ResourceCompile>
  </ItemGroup>
</Project>